
Microsoft Visual Studio Solution File, Format Version 12.00
# Visual Studio Version 16
VisualStudioVersion = 16.0.31205.134
MinimumVisualStudioVersion = 10.0.40219.1
Project("{FAE04EC0-301F-11D3-BF4B-00C04F79EFBC}") = "SolveTheDeadLock", "SolveTheDeadLock\SolveTheDeadLock.csproj", "{5DC96C11-3311-45F0-95C4-DD28A76E1947}"
EndProject
Global
	GlobalSection(SolutionConfigurationPlatforms) = preSolution
		Debug|Any CPU = Debug|Any CPU
		Release|Any CPU = Release|Any CPU
	EndGlobalSection
	GlobalSection(ProjectConfigurationPlatforms) = postSolution
		{5DC96C11-3311-45F0-95C4-DD28A76E1947}.Debug|Any CPU.ActiveCfg = Debug|Any CPU
		{5DC96C11-3311-45F0-95C4-DD28A76E1947}.Debug|Any CPU.Build.0 = Debug|Any CPU
		{5DC96C11-3311-45F0-95C4-DD28A76E1947}.Release|Any CPU.ActiveCfg = Release|Any CPU
		{5DC96C11-3311-45F0-95C4-DD28A76E1947}.Release|Any CPU.Build.0 = Release|Any CPU
	EndGlobalSection
	GlobalSection(SolutionProperties) = preSolution
		HideSolutionNode = FALSE
	EndGlobalSection
	GlobalSection(ExtensibilityGlobals) = postSolution
		SolutionGuid = {1D7628DE-86F3-4345-8B28-11601F69D172}
	EndGlobalSection
EndGlobal
